
Microsoft Visual Studio Solution File, Format Version 12.00
# Visual Studio 15
VisualStudioVersion = 15.0.28010.2003
MinimumVisualStudioVersion = 10.0.40219.1
Project("{FAE04EC0-301F-11D3-BF4B-00C04F79EFBC}") = "Testing2", "Testing2\Testing2.csproj", "{1A88D8E9-03B0-4BD6-935E-42F8B97A6487}"
EndProject
Project("{54435603-DBB4-11D2-8724-00A0C9A8B90C}") = "StockInventoryInstaller", "StockInventoryInstaller\StockInventoryInstaller.vdproj", "{3F404548-B342-45C2-B7EA-7B1C47D242FA}"
EndProject
Global
	GlobalSection(SolutionConfigurationPlatforms) = preSolution
		Debug|Any CPU = Debug|Any CPU
		Release|Any CPU = Release|Any CPU
	EndGlobalSection
	GlobalSection(ProjectConfigurationPlatforms) = postSolution
		{1A88D8E9-03B0-4BD6-935E-42F8B97A6487}.Debug|Any CPU.ActiveCfg = Debug|Any CPU
		{1A88D8E9-03B0-4BD6-935E-42F8B97A6487}.Debug|Any CPU.Build.0 = Debug|Any CPU
		{1A88D8E9-03B0-4BD6-935E-42F8B97A6487}.Release|Any CPU.ActiveCfg = Release|Any CPU
		{1A88D8E9-03B0-4BD6-935E-42F8B97A6487}.Release|Any CPU.Build.0 = Release|Any CPU
		{3F404548-B342-45C2-B7EA-7B1C47D242FA}.Debug|Any CPU.ActiveCfg = Debug
		{3F404548-B342-45C2-B7EA-7B1C47D242FA}.Release|Any CPU.ActiveCfg = Release
	EndGlobalSection
	GlobalSection(SolutionProperties) = preSolution
		HideSolutionNode = FALSE
	EndGlobalSection
	GlobalSection(ExtensibilityGlobals) = postSolution
		SolutionGuid = {39DEB4AB-1D53-4E49-8C3F-C01A96125EBC}
	EndGlobalSection
EndGlobal
